
Microsoft Visual Studio Solution File, Format Version 12.00
# Visual Studio Version 17
VisualStudioVersion = 17.8.34316.72
MinimumVisualStudioVersion = 10.0.40219.1
Project("{FAE04EC0-301F-11D3-BF4B-00C04F79EFBC}") = "Uppgift 2 - Tre i rad", "Uppgift 2 - Tre i rad\Uppgift 2 - Tre i rad.csproj", "{DD34895C-A1CC-468A-B8DD-37E7A66944FA}"
EndProject
Global
	GlobalSection(SolutionConfigurationPlatforms) = preSolution
		Debug|Any CPU = Debug|Any CPU
		Release|Any CPU = Release|Any CPU
	EndGlobalSection
	GlobalSection(ProjectConfigurationPlatforms) = postSolution
		{DD34895C-A1CC-468A-B8DD-37E7A66944FA}.Debug|Any CPU.ActiveCfg = Debug|Any CPU
		{DD34895C-A1CC-468A-B8DD-37E7A66944FA}.Debug|Any CPU.Build.0 = Debug|Any CPU
		{DD34895C-A1CC-468A-B8DD-37E7A66944FA}.Release|Any CPU.ActiveCfg = Release|Any CPU
		{DD34895C-A1CC-468A-B8DD-37E7A66944FA}.Release|Any CPU.Build.0 = Release|Any CPU
	EndGlobalSection
	GlobalSection(SolutionProperties) = preSolution
		HideSolutionNode = FALSE
	EndGlobalSection
	GlobalSection(ExtensibilityGlobals) = postSolution
		SolutionGuid = {91C4FDB1-D2A3-4E60-84E0-ECD790CDC671}
	EndGlobalSection
EndGlobal
