
Microsoft Visual Studio Solution File, Format Version 12.00
# Visual Studio Version 17
VisualStudioVersion = 17.8.34316.72
MinimumVisualStudioVersion = 10.0.40219.1
Project("{FAE04EC0-301F-11D3-BF4B-00C04F79EFBC}") = "Uppgift 1 Reduplikation", "Uppgift 1 Reduplikation\Uppgift 1 Reduplikation.csproj", "{F80F5D23-36FE-4822-BE26-C546993FD719}"
EndProject
Global
	GlobalSection(SolutionConfigurationPlatforms) = preSolution
		Debug|Any CPU = Debug|Any CPU
		Release|Any CPU = Release|Any CPU
	EndGlobalSection
	GlobalSection(ProjectConfigurationPlatforms) = postSolution
		{F80F5D23-36FE-4822-BE26-C546993FD719}.Debug|Any CPU.ActiveCfg = Debug|Any CPU
		{F80F5D23-36FE-4822-BE26-C546993FD719}.Debug|Any CPU.Build.0 = Debug|Any CPU
		{F80F5D23-36FE-4822-BE26-C546993FD719}.Release|Any CPU.ActiveCfg = Release|Any CPU
		{F80F5D23-36FE-4822-BE26-C546993FD719}.Release|Any CPU.Build.0 = Release|Any CPU
	EndGlobalSection
	GlobalSection(SolutionProperties) = preSolution
		HideSolutionNode = FALSE
	EndGlobalSection
	GlobalSection(ExtensibilityGlobals) = postSolution
		SolutionGuid = {72EAF74E-1A5E-40C7-BA4B-BC32E9A2E5B0}
	EndGlobalSection
EndGlobal
